
Microsoft Visual Studio Solution File, Format Version 12.00
# Visual Studio 2013
VisualStudioVersion = 12.0.30723.0
MinimumVisualStudioVersion = 10.0.40219.1
Project("{FAE04EC0-301F-11D3-BF4B-00C04F79EFBC}") = "DNDGenSite", "DNDGenSite\DNDGenSite.csproj", "{4C63F167-49FF-4257-A6CE-A1EFE77D109D}"
EndProject
Project("{FAE04EC0-301F-11D3-BF4B-00C04F79EFBC}") = "DNDGenSite.Tests.Unit", "DNDGenSite.Tests.Unit\DNDGenSite.Tests.Unit.csproj", "{2B405521-81F8-488F-9549-B1C3F8E1EF53}"
EndProject
Project("{2150E333-8FDC-42A3-9474-1A3956D46DE8}") = ".nuget", ".nuget", "{8C1CC5A7-C5F5-4470-BF0C-127224C2CE3D}"
	ProjectSection(SolutionItems) = preProject
		.nuget\packages.config = .nuget\packages.config
	EndProjectSection
EndProject
Global
	GlobalSection(SolutionConfigurationPlatforms) = preSolution
		Debug|Any CPU = Debug|Any CPU
		Release|Any CPU = Release|Any CPU
	EndGlobalSection
	GlobalSection(ProjectConfigurationPlatforms) = postSolution
		{4C63F167-49FF-4257-A6CE-A1EFE77D109D}.Debug|Any CPU.ActiveCfg = Debug|Any CPU
		{4C63F167-49FF-4257-A6CE-A1EFE77D109D}.Debug|Any CPU.Build.0 = Debug|Any CPU
		{4C63F167-49FF-4257-A6CE-A1EFE77D109D}.Release|Any CPU.ActiveCfg = Release|Any CPU
		{4C63F167-49FF-4257-A6CE-A1EFE77D109D}.Release|Any CPU.Build.0 = Release|Any CPU
		{2B405521-81F8-488F-9549-B1C3F8E1EF53}.Debug|Any CPU.ActiveCfg = Debug|Any CPU
		{2B405521-81F8-488F-9549-B1C3F8E1EF53}.Debug|Any CPU.Build.0 = Debug|Any CPU
		{2B405521-81F8-488F-9549-B1C3F8E1EF53}.Release|Any CPU.ActiveCfg = Release|Any CPU
		{2B405521-81F8-488F-9549-B1C3F8E1EF53}.Release|Any CPU.Build.0 = Release|Any CPU
	EndGlobalSection
	GlobalSection(SolutionProperties) = preSolution
		HideSolutionNode = FALSE
	EndGlobalSection
EndGlobal
