
Microsoft Visual Studio Solution File, Format Version 12.00
# Visual Studio 2013
VisualStudioVersion = 12.0.30723.0
MinimumVisualStudioVersion = 10.0.40219.1
Project("{FAE04EC0-301F-11D3-BF4B-00C04F79EFBC}") = "DNDGenSite", "DNDGenSite\DNDGenSite.csproj", "{8D18A9AC-4946-4043-98FB-554C93BEDBB4}"
EndProject
Project("{2150E333-8FDC-42A3-9474-1A3956D46DE8}") = ".nuget", ".nuget", "{CF594215-5B31-40B9-9711-F5E17C1682D6}"
	ProjectSection(SolutionItems) = preProject
		.nuget\packages.config = .nuget\packages.config
	EndProjectSection
EndProject
Project("{FAE04EC0-301F-11D3-BF4B-00C04F79EFBC}") = "DNDGenSite.Tests", "Tests\DNDGenSite.Tests.csproj", "{9CAADCB5-ED42-40D8-A2BE-658C47447F32}"
EndProject
Project("{2150E333-8FDC-42A3-9474-1A3956D46DE8}") = "SolutionItems", "SolutionItems", "{CEE48E85-CE1B-4888-BCBF-D1B74058F24D}"
	ProjectSection(SolutionItems) = preProject
		gruntfile.js = gruntfile.js
		karma.config.js = karma.config.js
		protractor.config.js = protractor.config.js
	EndProjectSection
EndProject
Global
	GlobalSection(SolutionConfigurationPlatforms) = preSolution
		Debug|Any CPU = Debug|Any CPU
		Release|Any CPU = Release|Any CPU
	EndGlobalSection
	GlobalSection(ProjectConfigurationPlatforms) = postSolution
		{8D18A9AC-4946-4043-98FB-554C93BEDBB4}.Debug|Any CPU.ActiveCfg = Debug|Any CPU
		{8D18A9AC-4946-4043-98FB-554C93BEDBB4}.Debug|Any CPU.Build.0 = Debug|Any CPU
		{8D18A9AC-4946-4043-98FB-554C93BEDBB4}.Release|Any CPU.ActiveCfg = Release|Any CPU
		{8D18A9AC-4946-4043-98FB-554C93BEDBB4}.Release|Any CPU.Build.0 = Release|Any CPU
		{9CAADCB5-ED42-40D8-A2BE-658C47447F32}.Debug|Any CPU.ActiveCfg = Debug|Any CPU
		{9CAADCB5-ED42-40D8-A2BE-658C47447F32}.Debug|Any CPU.Build.0 = Debug|Any CPU
		{9CAADCB5-ED42-40D8-A2BE-658C47447F32}.Release|Any CPU.ActiveCfg = Release|Any CPU
		{9CAADCB5-ED42-40D8-A2BE-658C47447F32}.Release|Any CPU.Build.0 = Release|Any CPU
	EndGlobalSection
	GlobalSection(SolutionProperties) = preSolution
		HideSolutionNode = FALSE
	EndGlobalSection
EndGlobal
