
Microsoft Visual Studio Solution File, Format Version 12.00
# Visual Studio Version 17
VisualStudioVersion = 17.6.33723.286
MinimumVisualStudioVersion = 10.0.40219.1
Project("{9A19103F-16F7-4668-BE54-9A1E7A4F7556}") = "DnDGen.Web.Tests.Integration", "DnDGen.Web.Tests.Integration\DnDGen.Web.Tests.Integration.csproj", "{722DE08A-3185-48FD-B1C7-78EB3A1CDE4D}"
EndProject
Project("{9A19103F-16F7-4668-BE54-9A1E7A4F7556}") = "DnDGen.Web.Tests.Unit", "DnDGen.Web.Tests.Unit\DnDGen.Web.Tests.Unit.csproj", "{9CAADCB5-ED42-40D8-A2BE-658C47447F32}"
EndProject
Project("{9A19103F-16F7-4668-BE54-9A1E7A4F7556}") = "DnDGen.Web", "DnDGen.Web\DnDGen.Web.csproj", "{7B25892C-DB0F-496C-8FAC-35FCA2D01849}"
EndProject
Project("{FAE04EC0-301F-11D3-BF4B-00C04F79EFBC}") = "DnDGen.Api.RollGen", "DnDGen.Api.RollGen\DnDGen.Api.RollGen.csproj", "{A6770CC7-017D-49DC-8695-E4B5D152360B}"
EndProject
Project("{FAE04EC0-301F-11D3-BF4B-00C04F79EFBC}") = "DnDGen.Api.RollGen.Tests.Unit", "DnDGen.Api.RollGen.Tests.Unit\DnDGen.Api.RollGen.Tests.Unit.csproj", "{6CE25BFF-BCE2-4FDE-A286-D98B234F473E}"
EndProject
Project("{FAE04EC0-301F-11D3-BF4B-00C04F79EFBC}") = "DnDGen.Api.RollGen.Tests.Integration", "DnDGen.Api.RollGen.Tests.Integration\DnDGen.Api.RollGen.Tests.Integration.csproj", "{6F553446-EEAB-4120-927C-BA4BE155BA94}"
EndProject
Global
	GlobalSection(SolutionConfigurationPlatforms) = preSolution
		Debug|Any CPU = Debug|Any CPU
		Release|Any CPU = Release|Any CPU
	EndGlobalSection
	GlobalSection(ProjectConfigurationPlatforms) = postSolution
		{722DE08A-3185-48FD-B1C7-78EB3A1CDE4D}.Debug|Any CPU.ActiveCfg = Debug|Any CPU
		{722DE08A-3185-48FD-B1C7-78EB3A1CDE4D}.Debug|Any CPU.Build.0 = Debug|Any CPU
		{722DE08A-3185-48FD-B1C7-78EB3A1CDE4D}.Release|Any CPU.ActiveCfg = Release|Any CPU
		{722DE08A-3185-48FD-B1C7-78EB3A1CDE4D}.Release|Any CPU.Build.0 = Release|Any CPU
		{9CAADCB5-ED42-40D8-A2BE-658C47447F32}.Debug|Any CPU.ActiveCfg = Debug|Any CPU
		{9CAADCB5-ED42-40D8-A2BE-658C47447F32}.Debug|Any CPU.Build.0 = Debug|Any CPU
		{9CAADCB5-ED42-40D8-A2BE-658C47447F32}.Release|Any CPU.ActiveCfg = Release|Any CPU
		{9CAADCB5-ED42-40D8-A2BE-658C47447F32}.Release|Any CPU.Build.0 = Release|Any CPU
		{7B25892C-DB0F-496C-8FAC-35FCA2D01849}.Debug|Any CPU.ActiveCfg = Debug|Any CPU
		{7B25892C-DB0F-496C-8FAC-35FCA2D01849}.Debug|Any CPU.Build.0 = Debug|Any CPU
		{7B25892C-DB0F-496C-8FAC-35FCA2D01849}.Release|Any CPU.ActiveCfg = Release|Any CPU
		{7B25892C-DB0F-496C-8FAC-35FCA2D01849}.Release|Any CPU.Build.0 = Release|Any CPU
		{A6770CC7-017D-49DC-8695-E4B5D152360B}.Debug|Any CPU.ActiveCfg = Debug|Any CPU
		{A6770CC7-017D-49DC-8695-E4B5D152360B}.Debug|Any CPU.Build.0 = Debug|Any CPU
		{A6770CC7-017D-49DC-8695-E4B5D152360B}.Release|Any CPU.ActiveCfg = Release|Any CPU
		{A6770CC7-017D-49DC-8695-E4B5D152360B}.Release|Any CPU.Build.0 = Release|Any CPU
		{6CE25BFF-BCE2-4FDE-A286-D98B234F473E}.Debug|Any CPU.ActiveCfg = Debug|Any CPU
		{6CE25BFF-BCE2-4FDE-A286-D98B234F473E}.Debug|Any CPU.Build.0 = Debug|Any CPU
		{6CE25BFF-BCE2-4FDE-A286-D98B234F473E}.Release|Any CPU.ActiveCfg = Release|Any CPU
		{6CE25BFF-BCE2-4FDE-A286-D98B234F473E}.Release|Any CPU.Build.0 = Release|Any CPU
		{6F553446-EEAB-4120-927C-BA4BE155BA94}.Debug|Any CPU.ActiveCfg = Debug|Any CPU
		{6F553446-EEAB-4120-927C-BA4BE155BA94}.Debug|Any CPU.Build.0 = Debug|Any CPU
		{6F553446-EEAB-4120-927C-BA4BE155BA94}.Release|Any CPU.ActiveCfg = Release|Any CPU
		{6F553446-EEAB-4120-927C-BA4BE155BA94}.Release|Any CPU.Build.0 = Release|Any CPU
	EndGlobalSection
	GlobalSection(SolutionProperties) = preSolution
		HideSolutionNode = FALSE
	EndGlobalSection
	GlobalSection(ExtensibilityGlobals) = postSolution
		SolutionGuid = {E70C8EC6-3C20-46DB-9F87-BF7B5CCB9807}
	EndGlobalSection
EndGlobal
