
Microsoft Visual Studio Solution File, Format Version 12.00
# Visual Studio Version 17
VisualStudioVersion = 17.6.33723.286
MinimumVisualStudioVersion = 10.0.40219.1
Project("{9A19103F-16F7-4668-BE54-9A1E7A4F7556}") = "DnDGen.Web.Tests.Integration", "DnDGen.Web.Tests.Integration\DnDGen.Web.Tests.Integration.csproj", "{722DE08A-3185-48FD-B1C7-78EB3A1CDE4D}"
EndProject
Project("{9A19103F-16F7-4668-BE54-9A1E7A4F7556}") = "DnDGen.Web.Tests.Unit", "DnDGen.Web.Tests.Unit\DnDGen.Web.Tests.Unit.csproj", "{9CAADCB5-ED42-40D8-A2BE-658C47447F32}"
EndProject
Project("{9A19103F-16F7-4668-BE54-9A1E7A4F7556}") = "DnDGen.Web", "DnDGen.Web\DnDGen.Web.csproj", "{7B25892C-DB0F-496C-8FAC-35FCA2D01849}"
EndProject
Project("{9A19103F-16F7-4668-BE54-9A1E7A4F7556}") = "DnDGen.Api.RollGen", "DnDGen.Api.RollGen\DnDGen.Api.RollGen.csproj", "{A6770CC7-017D-49DC-8695-E4B5D152360B}"
EndProject
Project("{9A19103F-16F7-4668-BE54-9A1E7A4F7556}") = "DnDGen.Api.RollGen.Tests.Unit", "DnDGen.Api.RollGen.Tests.Unit\DnDGen.Api.RollGen.Tests.Unit.csproj", "{6CE25BFF-BCE2-4FDE-A286-D98B234F473E}"
EndProject
Project("{9A19103F-16F7-4668-BE54-9A1E7A4F7556}") = "DnDGen.Api.RollGen.Tests.Integration", "DnDGen.Api.RollGen.Tests.Integration\DnDGen.Api.RollGen.Tests.Integration.csproj", "{6F553446-EEAB-4120-927C-BA4BE155BA94}"
EndProject
Project("{9A19103F-16F7-4668-BE54-9A1E7A4F7556}") = "DnDGen.Api.TreasureGen", "DnDGen.Api.TreasureGen\DnDGen.Api.TreasureGen.csproj", "{B39D8E7E-1212-41D7-96A9-5B613C83855F}"
EndProject
Project("{9A19103F-16F7-4668-BE54-9A1E7A4F7556}") = "DnDGen.Api.TreasureGen.Tests.Unit", "DnDGen.Api.TreasureGen.Tests.Unit\DnDGen.Api.TreasureGen.Tests.Unit.csproj", "{2E2BF059-C2E5-4CB8-BCE6-910A634226B0}"
EndProject
Project("{9A19103F-16F7-4668-BE54-9A1E7A4F7556}") = "DnDGen.Api.TreasureGen.Tests.Integration", "DnDGen.Api.TreasureGen.Tests.Integration\DnDGen.Api.TreasureGen.Tests.Integration.csproj", "{ADB40B02-78BD-4B71-9E6C-8A3ADD81BC31}"
EndProject
Project("{9A19103F-16F7-4668-BE54-9A1E7A4F7556}") = "DnDGen.Api.CharacterGen", "DnDGen.Api.CharacterGen\DnDGen.Api.CharacterGen.csproj", "{962A3820-15B9-431D-956D-6CB8E8B03433}"
EndProject
Project("{9A19103F-16F7-4668-BE54-9A1E7A4F7556}") = "DnDGen.Api.CharacterGen.Tests.Integration", "DnDGen.Api.CharacterGen.Tests.Integration\DnDGen.Api.CharacterGen.Tests.Integration.csproj", "{3FDD751C-1196-4A7C-A730-A724D4C18ED5}"
EndProject
Project("{9A19103F-16F7-4668-BE54-9A1E7A4F7556}") = "DnDGen.Api.CharacterGen.Tests.Unit", "DnDGen.Api.CharacterGen.Tests.Unit\DnDGen.Api.CharacterGen.Tests.Unit.csproj", "{10973204-BEB8-4AF3-844B-6BC70FEFAEF6}"
EndProject
Project("{9A19103F-16F7-4668-BE54-9A1E7A4F7556}") = "DnDGen.Api.EncounterGen", "DnDGen.Api.EncounterGen\DnDGen.Api.EncounterGen.csproj", "{4884DFD5-BF83-47FE-A86D-16BD6C3A9DAD}"
EndProject
Project("{9A19103F-16F7-4668-BE54-9A1E7A4F7556}") = "DnDGen.Api.EncounterGen.Tests.Integration", "DnDGen.Api.EncounterGen.Tests.Integration\DnDGen.Api.EncounterGen.Tests.Integration.csproj", "{D478DB84-B09E-4897-A47F-0C43ECB0D50A}"
EndProject
Project("{2150E333-8FDC-42A3-9474-1A3956D46DE8}") = "Apis", "Apis", "{97900026-B031-4C26-9142-8D1FB5DA6245}"
EndProject
Project("{2150E333-8FDC-42A3-9474-1A3956D46DE8}") = "RollGen", "RollGen", "{65C97CAD-FCA1-4534-AC84-99E9A3870697}"
EndProject
Project("{2150E333-8FDC-42A3-9474-1A3956D46DE8}") = "TreasureGen", "TreasureGen", "{4525A94B-3B5D-4902-9E7E-4F0E255BD310}"
EndProject
Project("{2150E333-8FDC-42A3-9474-1A3956D46DE8}") = "CharacterGen", "CharacterGen", "{971A0DE5-DDD1-4050-9408-472C11F95063}"
EndProject
Project("{2150E333-8FDC-42A3-9474-1A3956D46DE8}") = "EncounterGen", "EncounterGen", "{12847B46-C666-4BCC-BFE9-E53A3C0B15EE}"
EndProject
Global
	GlobalSection(SolutionConfigurationPlatforms) = preSolution
		Debug|Any CPU = Debug|Any CPU
		Release|Any CPU = Release|Any CPU
	EndGlobalSection
	GlobalSection(ProjectConfigurationPlatforms) = postSolution
		{722DE08A-3185-48FD-B1C7-78EB3A1CDE4D}.Debug|Any CPU.ActiveCfg = Debug|Any CPU
		{722DE08A-3185-48FD-B1C7-78EB3A1CDE4D}.Debug|Any CPU.Build.0 = Debug|Any CPU
		{722DE08A-3185-48FD-B1C7-78EB3A1CDE4D}.Release|Any CPU.ActiveCfg = Release|Any CPU
		{722DE08A-3185-48FD-B1C7-78EB3A1CDE4D}.Release|Any CPU.Build.0 = Release|Any CPU
		{9CAADCB5-ED42-40D8-A2BE-658C47447F32}.Debug|Any CPU.ActiveCfg = Debug|Any CPU
		{9CAADCB5-ED42-40D8-A2BE-658C47447F32}.Debug|Any CPU.Build.0 = Debug|Any CPU
		{9CAADCB5-ED42-40D8-A2BE-658C47447F32}.Release|Any CPU.ActiveCfg = Release|Any CPU
		{9CAADCB5-ED42-40D8-A2BE-658C47447F32}.Release|Any CPU.Build.0 = Release|Any CPU
		{7B25892C-DB0F-496C-8FAC-35FCA2D01849}.Debug|Any CPU.ActiveCfg = Debug|Any CPU
		{7B25892C-DB0F-496C-8FAC-35FCA2D01849}.Debug|Any CPU.Build.0 = Debug|Any CPU
		{7B25892C-DB0F-496C-8FAC-35FCA2D01849}.Release|Any CPU.ActiveCfg = Release|Any CPU
		{7B25892C-DB0F-496C-8FAC-35FCA2D01849}.Release|Any CPU.Build.0 = Release|Any CPU
		{A6770CC7-017D-49DC-8695-E4B5D152360B}.Debug|Any CPU.ActiveCfg = Debug|Any CPU
		{A6770CC7-017D-49DC-8695-E4B5D152360B}.Debug|Any CPU.Build.0 = Debug|Any CPU
		{A6770CC7-017D-49DC-8695-E4B5D152360B}.Release|Any CPU.ActiveCfg = Release|Any CPU
		{A6770CC7-017D-49DC-8695-E4B5D152360B}.Release|Any CPU.Build.0 = Release|Any CPU
		{6CE25BFF-BCE2-4FDE-A286-D98B234F473E}.Debug|Any CPU.ActiveCfg = Debug|Any CPU
		{6CE25BFF-BCE2-4FDE-A286-D98B234F473E}.Debug|Any CPU.Build.0 = Debug|Any CPU
		{6CE25BFF-BCE2-4FDE-A286-D98B234F473E}.Release|Any CPU.ActiveCfg = Release|Any CPU
		{6CE25BFF-BCE2-4FDE-A286-D98B234F473E}.Release|Any CPU.Build.0 = Release|Any CPU
		{6F553446-EEAB-4120-927C-BA4BE155BA94}.Debug|Any CPU.ActiveCfg = Debug|Any CPU
		{6F553446-EEAB-4120-927C-BA4BE155BA94}.Debug|Any CPU.Build.0 = Debug|Any CPU
		{6F553446-EEAB-4120-927C-BA4BE155BA94}.Release|Any CPU.ActiveCfg = Release|Any CPU
		{6F553446-EEAB-4120-927C-BA4BE155BA94}.Release|Any CPU.Build.0 = Release|Any CPU
		{B39D8E7E-1212-41D7-96A9-5B613C83855F}.Debug|Any CPU.ActiveCfg = Debug|Any CPU
		{B39D8E7E-1212-41D7-96A9-5B613C83855F}.Debug|Any CPU.Build.0 = Debug|Any CPU
		{B39D8E7E-1212-41D7-96A9-5B613C83855F}.Release|Any CPU.ActiveCfg = Release|Any CPU
		{B39D8E7E-1212-41D7-96A9-5B613C83855F}.Release|Any CPU.Build.0 = Release|Any CPU
		{2E2BF059-C2E5-4CB8-BCE6-910A634226B0}.Debug|Any CPU.ActiveCfg = Debug|Any CPU
		{2E2BF059-C2E5-4CB8-BCE6-910A634226B0}.Debug|Any CPU.Build.0 = Debug|Any CPU
		{2E2BF059-C2E5-4CB8-BCE6-910A634226B0}.Release|Any CPU.ActiveCfg = Release|Any CPU
		{2E2BF059-C2E5-4CB8-BCE6-910A634226B0}.Release|Any CPU.Build.0 = Release|Any CPU
		{ADB40B02-78BD-4B71-9E6C-8A3ADD81BC31}.Debug|Any CPU.ActiveCfg = Debug|Any CPU
		{ADB40B02-78BD-4B71-9E6C-8A3ADD81BC31}.Debug|Any CPU.Build.0 = Debug|Any CPU
		{ADB40B02-78BD-4B71-9E6C-8A3ADD81BC31}.Release|Any CPU.ActiveCfg = Release|Any CPU
		{ADB40B02-78BD-4B71-9E6C-8A3ADD81BC31}.Release|Any CPU.Build.0 = Release|Any CPU
		{962A3820-15B9-431D-956D-6CB8E8B03433}.Debug|Any CPU.ActiveCfg = Debug|Any CPU
		{962A3820-15B9-431D-956D-6CB8E8B03433}.Debug|Any CPU.Build.0 = Debug|Any CPU
		{962A3820-15B9-431D-956D-6CB8E8B03433}.Release|Any CPU.ActiveCfg = Release|Any CPU
		{962A3820-15B9-431D-956D-6CB8E8B03433}.Release|Any CPU.Build.0 = Release|Any CPU
		{3FDD751C-1196-4A7C-A730-A724D4C18ED5}.Debug|Any CPU.ActiveCfg = Debug|Any CPU
		{3FDD751C-1196-4A7C-A730-A724D4C18ED5}.Debug|Any CPU.Build.0 = Debug|Any CPU
		{3FDD751C-1196-4A7C-A730-A724D4C18ED5}.Release|Any CPU.ActiveCfg = Release|Any CPU
		{3FDD751C-1196-4A7C-A730-A724D4C18ED5}.Release|Any CPU.Build.0 = Release|Any CPU
		{10973204-BEB8-4AF3-844B-6BC70FEFAEF6}.Debug|Any CPU.ActiveCfg = Debug|Any CPU
		{10973204-BEB8-4AF3-844B-6BC70FEFAEF6}.Debug|Any CPU.Build.0 = Debug|Any CPU
		{10973204-BEB8-4AF3-844B-6BC70FEFAEF6}.Release|Any CPU.ActiveCfg = Release|Any CPU
		{10973204-BEB8-4AF3-844B-6BC70FEFAEF6}.Release|Any CPU.Build.0 = Release|Any CPU
		{4884DFD5-BF83-47FE-A86D-16BD6C3A9DAD}.Debug|Any CPU.ActiveCfg = Debug|Any CPU
		{4884DFD5-BF83-47FE-A86D-16BD6C3A9DAD}.Debug|Any CPU.Build.0 = Debug|Any CPU
		{4884DFD5-BF83-47FE-A86D-16BD6C3A9DAD}.Release|Any CPU.ActiveCfg = Release|Any CPU
		{4884DFD5-BF83-47FE-A86D-16BD6C3A9DAD}.Release|Any CPU.Build.0 = Release|Any CPU
		{D478DB84-B09E-4897-A47F-0C43ECB0D50A}.Debug|Any CPU.ActiveCfg = Debug|Any CPU
		{D478DB84-B09E-4897-A47F-0C43ECB0D50A}.Debug|Any CPU.Build.0 = Debug|Any CPU
		{D478DB84-B09E-4897-A47F-0C43ECB0D50A}.Release|Any CPU.ActiveCfg = Release|Any CPU
		{D478DB84-B09E-4897-A47F-0C43ECB0D50A}.Release|Any CPU.Build.0 = Release|Any CPU
	EndGlobalSection
	GlobalSection(SolutionProperties) = preSolution
		HideSolutionNode = FALSE
	EndGlobalSection
	GlobalSection(NestedProjects) = preSolution
		{A6770CC7-017D-49DC-8695-E4B5D152360B} = {65C97CAD-FCA1-4534-AC84-99E9A3870697}
		{6CE25BFF-BCE2-4FDE-A286-D98B234F473E} = {65C97CAD-FCA1-4534-AC84-99E9A3870697}
		{6F553446-EEAB-4120-927C-BA4BE155BA94} = {65C97CAD-FCA1-4534-AC84-99E9A3870697}
		{B39D8E7E-1212-41D7-96A9-5B613C83855F} = {4525A94B-3B5D-4902-9E7E-4F0E255BD310}
		{2E2BF059-C2E5-4CB8-BCE6-910A634226B0} = {4525A94B-3B5D-4902-9E7E-4F0E255BD310}
		{ADB40B02-78BD-4B71-9E6C-8A3ADD81BC31} = {4525A94B-3B5D-4902-9E7E-4F0E255BD310}
		{962A3820-15B9-431D-956D-6CB8E8B03433} = {971A0DE5-DDD1-4050-9408-472C11F95063}
		{3FDD751C-1196-4A7C-A730-A724D4C18ED5} = {971A0DE5-DDD1-4050-9408-472C11F95063}
		{10973204-BEB8-4AF3-844B-6BC70FEFAEF6} = {971A0DE5-DDD1-4050-9408-472C11F95063}
		{4884DFD5-BF83-47FE-A86D-16BD6C3A9DAD} = {12847B46-C666-4BCC-BFE9-E53A3C0B15EE}
		{D478DB84-B09E-4897-A47F-0C43ECB0D50A} = {12847B46-C666-4BCC-BFE9-E53A3C0B15EE}
		{65C97CAD-FCA1-4534-AC84-99E9A3870697} = {97900026-B031-4C26-9142-8D1FB5DA6245}
		{4525A94B-3B5D-4902-9E7E-4F0E255BD310} = {97900026-B031-4C26-9142-8D1FB5DA6245}
		{971A0DE5-DDD1-4050-9408-472C11F95063} = {97900026-B031-4C26-9142-8D1FB5DA6245}
		{12847B46-C666-4BCC-BFE9-E53A3C0B15EE} = {97900026-B031-4C26-9142-8D1FB5DA6245}
	EndGlobalSection
	GlobalSection(ExtensibilityGlobals) = postSolution
		SolutionGuid = {E70C8EC6-3C20-46DB-9F87-BF7B5CCB9807}
	EndGlobalSection
EndGlobal
